github.com/kr/pty v1.1.2 h1:Q7kfkJVHag8Gix8Z5+eTo09NFHV8MXL9K66sv9qDaVI=
github.com/kr/pty v1.1.2/go.mod h1:pFQYn66WHrOpPYNljwOMqo10TkYh1fy3cYio2l3bCsQ=
golang.org/x/crypto v0.0.0-20180910181607-0e37d006457b/go.mod h1:6SG95UA2DQfeDnfUPMdvaQW0Q7yPrPDi9nlGo2tz2b4=
golang.org/x/sys v0.0.0-20180909124046-d0be0721c37e/go.mod h1:STP8DvDyc/dI5b8T5hshtkjS+E42TnysNCUPdjciGhY=
